// !$*UTF8*$!
{
	archiveVersion = 1;
	classes = {
	};
	objectVersion = 56;
	objects = {

/* Begin PBXBuildFile section */
		8527D37929B1CBDD007E16B1 /* Tweet.swift in Sources */ = {isa = PBXBuildFile; fileRef = 8527D37829B1CBDD007E16B1 /* Tweet.swift */; };
		8527D37B29B1D199007E16B1 /* TweetCell.swift in Sources */ = {isa = PBXBuildFile; fileRef = 8527D37A29B1D199007E16B1 /* TweetCell.swift */; };
		8527D37D29B1D7CF007E16B1 /* Assets 20.35.28.xcassets in Resources */ = {isa = PBXBuildFile; fileRef = 8527D37C29B1D7CF007E16B1 /* Assets 20.35.28.xcassets */; };
		8527D37F29B1E3CC007E16B1 /* TweetViewModel.swift in Sources */ = {isa = PBXBuildFile; fileRef = 8527D37E29B1E3CC007E16B1 /* TweetViewModel.swift */; };
		8527D38129B1EB3B007E16B1 /* ProfileController.swift in Sources */ = {isa = PBXBuildFile; fileRef = 8527D38029B1EB3B007E16B1 /* ProfileController.swift */; };
		8527D38329B1F34F007E16B1 /* ProfileHeader.swift in Sources */ = {isa = PBXBuildFile; fileRef = 8527D38229B1F34F007E16B1 /* ProfileHeader.swift */; };
		8597C17E29AF61F500C1A966 /* AppDelegate.swift in Sources */ = {isa = PBXBuildFile; fileRef = 8597C17D29AF61F500C1A966 /* AppDelegate.swift */; };
		8597C18029AF61F500C1A966 /* SceneDelegate.swift in Sources */ = {isa = PBXBuildFile; fileRef = 8597C17F29AF61F500C1A966 /* SceneDelegate.swift */; };
		8597C18529AF61F500C1A966 /* Main.storyboard in Resources */ = {isa = PBXBuildFile; fileRef = 8597C18329AF61F500C1A966 /* Main.storyboard */; };
		8597C18A29AF61F600C1A966 /* LaunchScreen.storyboard in Resources */ = {isa = PBXBuildFile; fileRef = 8597C18829AF61F600C1A966 /* LaunchScreen.storyboard */; };
		8597C19929AF631B00C1A966 /* MainTabController.swift in Sources */ = {isa = PBXBuildFile; fileRef = 8597C19829AF631B00C1A966 /* MainTabController.swift */; };
		8597C19B29AF644E00C1A966 /* FeedController.swift in Sources */ = {isa = PBXBuildFile; fileRef = 8597C19A29AF644E00C1A966 /* FeedController.swift */; };
		8597C19D29AF648100C1A966 /* ExploreController.swift in Sources */ = {isa = PBXBuildFile; fileRef = 8597C19C29AF648100C1A966 /* ExploreController.swift */; };
		8597C19F29AF648A00C1A966 /* NotificationsController.swift in Sources */ = {isa = PBXBuildFile; fileRef = 8597C19E29AF648A00C1A966 /* NotificationsController.swift */; };
		8597C1A129AF649900C1A966 /* ChatController.swift in Sources */ = {isa = PBXBuildFile; fileRef = 8597C1A029AF649900C1A966 /* ChatController.swift */; };
		8597C1A529AF6D4000C1A966 /* Extensions.swift in Sources */ = {isa = PBXBuildFile; fileRef = 8597C1A429AF6D4000C1A966 /* Extensions.swift */; };
		8597C1A829AF735500C1A966 /* LoginController.swift in Sources */ = {isa = PBXBuildFile; fileRef = 8597C1A729AF735500C1A966 /* LoginController.swift */; };
		8597C1AA29AF73A800C1A966 /* RegistrationController.swift in Sources */ = {isa = PBXBuildFile; fileRef = 8597C1A929AF73A800C1A966 /* RegistrationController.swift */; };
		8597C1AC29AFA08400C1A966 /* Utilities.swift in Sources */ = {isa = PBXBuildFile; fileRef = 8597C1AB29AFA08400C1A966 /* Utilities.swift */; };
		85CE238929B0A43E008B7725 /* GoogleService-Info.plist in Resources */ = {isa = PBXBuildFile; fileRef = 85CE238829B0A43E008B7725 /* GoogleService-Info.plist */; };
		85CE238B29B0AB19008B7725 /* Constants.swift in Sources */ = {isa = PBXBuildFile; fileRef = 85CE238A29B0AB19008B7725 /* Constants.swift */; };
		85CE238D29B0BAE4008B7725 /* AuthService.swift in Sources */ = {isa = PBXBuildFile; fileRef = 85CE238C29B0BAE4008B7725 /* AuthService.swift */; };
		85CE238F29B0CA7F008B7725 /* UserService.swift in Sources */ = {isa = PBXBuildFile; fileRef = 85CE238E29B0CA7F008B7725 /* UserService.swift */; };
		85CE239129B0CE87008B7725 /* User.swift in Sources */ = {isa = PBXBuildFile; fileRef = 85CE239029B0CE87008B7725 /* User.swift */; };
		85CE239329B0D881008B7725 /* UploadTweetController.swift in Sources */ = {isa = PBXBuildFile; fileRef = 85CE239229B0D881008B7725 /* UploadTweetController.swift */; };
		85CE239529B0E3A2008B7725 /* CaptionTextView.swift in Sources */ = {isa = PBXBuildFile; fileRef = 85CE239429B0E3A2008B7725 /* CaptionTextView.swift */; };
		85CE239729B0E869008B7725 /* TweetService.swift in Sources */ = {isa = PBXBuildFile; fileRef = 85CE239629B0E869008B7725 /* TweetService.swift */; };
		9D251B2B9A6B824D561E0172 /* Pods_TwitterClone.framework in Frameworks */ = {isa = PBXBuildFile; fileRef = B0AEDCCE2B206B8E45364895 /* Pods_TwitterClone.framework */; };
/* End PBXBuildFile section */

/* Begin PBXFileReference section */
		58EBBF8949AC9A242226443B /* Pods-TwitterClone.debug.xcconfig */ = {isa = PBXFileReference; includeInIndex = 1; lastKnownFileType = text.xcconfig; name = "Pods-TwitterClone.debug.xcconfig"; path = "Target Support Files/Pods-TwitterClone/Pods-TwitterClone.debug.xcconfig"; sourceTree = "<group>"; };
		6D80C58A65A260F2E177CAB3 /* Pods-TwitterClone.release.xcconfig */ = {isa = PBXFileReference; includeInIndex = 1; lastKnownFileType = text.xcconfig; name = "Pods-TwitterClone.release.xcconfig"; path = "Target Support Files/Pods-TwitterClone/Pods-TwitterClone.release.xcconfig"; sourceTree = "<group>"; };
		8527D37829B1CBDD007E16B1 /* Tweet.swift */ = {isa = PBXFileReference; lastKnownFileType = sourcecode.swift; path = Tweet.swift; sourceTree = "<group>"; };
		8527D37A29B1D199007E16B1 /* TweetCell.swift */ = {isa = PBXFileReference; lastKnownFileType = sourcecode.swift; path = TweetCell.swift; sourceTree = "<group>"; };
		8527D37C29B1D7CF007E16B1 /* Assets 20.35.28.xcassets */ = {isa = PBXFileReference; lastKnownFileType = folder.assetcatalog; path = "Assets 20.35.28.xcassets"; sourceTree = "<group>"; };
		8527D37E29B1E3CC007E16B1 /* TweetViewModel.swift */ = {isa = PBXFileReference; lastKnownFileType = sourcecode.swift; path = TweetViewModel.swift; sourceTree = "<group>"; };
		8527D38029B1EB3B007E16B1 /* ProfileController.swift */ = {isa = PBXFileReference; lastKnownFileType = sourcecode.swift; path = ProfileController.swift; sourceTree = "<group>"; };
		8527D38229B1F34F007E16B1 /* ProfileHeader.swift */ = {isa = PBXFileReference; lastKnownFileType = sourcecode.swift; path = ProfileHeader.swift; sourceTree = "<group>"; };
		8597C17A29AF61F500C1A966 /* TwitterClone.app */ = {isa = PBXFileReference; explicitFileType = wrapper.application; includeInIndex = 0; path = TwitterClone.app; sourceTree = BUILT_PRODUCTS_DIR; };
		8597C17D29AF61F500C1A966 /* AppDelegate.swift */ = {isa = PBXFileReference; lastKnownFileType = sourcecode.swift; path = AppDelegate.swift; sourceTree = "<group>"; };
		8597C17F29AF61F500C1A966 /* SceneDelegate.swift */ = {isa = PBXFileReference; lastKnownFileType = sourcecode.swift; path = SceneDelegate.swift; sourceTree = "<group>"; };
		8597C18429AF61F500C1A966 /* Base */ = {isa = PBXFileReference; lastKnownFileType = file.storyboard; name = Base; path = Base.lproj/Main.storyboard; sourceTree = "<group>"; };
		8597C18929AF61F600C1A966 /* Base */ = {isa = PBXFileReference; lastKnownFileType = file.storyboard; name = Base; path = Base.lproj/LaunchScreen.storyboard; sourceTree = "<group>"; };
		8597C18B29AF61F600C1A966 /* Info.plist */ = {isa = PBXFileReference; lastKnownFileType = text.plist.xml; path = Info.plist; sourceTree = "<group>"; };
		8597C19829AF631B00C1A966 /* MainTabController.swift */ = {isa = PBXFileReference; lastKnownFileType = sourcecode.swift; path = MainTabController.swift; sourceTree = "<group>"; };
		8597C19A29AF644E00C1A966 /* FeedController.swift */ = {isa = PBXFileReference; lastKnownFileType = sourcecode.swift; path = FeedController.swift; sourceTree = "<group>"; };
		8597C19C29AF648100C1A966 /* ExploreController.swift */ = {isa = PBXFileReference; lastKnownFileType = sourcecode.swift; path = ExploreController.swift; sourceTree = "<group>"; };
		8597C19E29AF648A00C1A966 /* NotificationsController.swift */ = {isa = PBXFileReference; lastKnownFileType = sourcecode.swift; path = NotificationsController.swift; sourceTree = "<group>"; };
		8597C1A029AF649900C1A966 /* ChatController.swift */ = {isa = PBXFileReference; lastKnownFileType = sourcecode.swift; path = ChatController.swift; sourceTree = "<group>"; };
		8597C1A429AF6D4000C1A966 /* Extensions.swift */ = {isa = PBXFileReference; lastKnownFileType = sourcecode.swift; path = Extensions.swift; sourceTree = "<group>"; };
		8597C1A729AF735500C1A966 /* LoginController.swift */ = {isa = PBXFileReference; lastKnownFileType = sourcecode.swift; path = LoginController.swift; sourceTree = "<group>"; };
		8597C1A929AF73A800C1A966 /* RegistrationController.swift */ = {isa = PBXFileReference; lastKnownFileType = sourcecode.swift; path = RegistrationController.swift; sourceTree = "<group>"; };
		8597C1AB29AFA08400C1A966 /* Utilities.swift */ = {isa = PBXFileReference; lastKnownFileType = sourcecode.swift; path = Utilities.swift; sourceTree = "<group>"; };
		85CE238829B0A43E008B7725 /* GoogleService-Info.plist */ = {isa = PBXFileReference; fileEncoding = 4; lastKnownFileType = text.plist.xml; path = "GoogleService-Info.plist"; sourceTree = "<group>"; };
		85CE238A29B0AB19008B7725 /* Constants.swift */ = {isa = PBXFileReference; lastKnownFileType = sourcecode.swift; path = Constants.swift; sourceTree = "<group>"; };
		85CE238C29B0BAE4008B7725 /* AuthService.swift */ = {isa = PBXFileReference; lastKnownFileType = sourcecode.swift; path = AuthService.swift; sourceTree = "<group>"; };
		85CE238E29B0CA7F008B7725 /* UserService.swift */ = {isa = PBXFileReference; lastKnownFileType = sourcecode.swift; path = UserService.swift; sourceTree = "<group>"; };
		85CE239029B0CE87008B7725 /* User.swift */ = {isa = PBXFileReference; lastKnownFileType = sourcecode.swift; path = User.swift; sourceTree = "<group>"; };
		85CE239229B0D881008B7725 /* UploadTweetController.swift */ = {isa = PBXFileReference; lastKnownFileType = sourcecode.swift; path = UploadTweetController.swift; sourceTree = "<group>"; };
		85CE239429B0E3A2008B7725 /* CaptionTextView.swift */ = {isa = PBXFileReference; lastKnownFileType = sourcecode.swift; path = CaptionTextView.swift; sourceTree = "<group>"; };
		85CE239629B0E869008B7725 /* TweetService.swift */ = {isa = PBXFileReference; lastKnownFileType = sourcecode.swift; path = TweetService.swift; sourceTree = "<group>"; };
		B0AEDCCE2B206B8E45364895 /* Pods_TwitterClone.framework */ = {isa = PBXFileReference; explicitFileType = wrapper.framework; includeInIndex = 0; path = Pods_TwitterClone.framework; sourceTree = BUILT_PRODUCTS_DIR; };
/* End PBXFileReference section */

/* Begin PBXFrameworksBuildPhase section */
		8597C17729AF61F500C1A966 /* Frameworks */ = {
			isa = PBXFrameworksBuildPhase;
			buildActionMask = 2147483647;
			files = (
				9D251B2B9A6B824D561E0172 /* Pods_TwitterClone.framework in Frameworks */,
			);
			runOnlyForDeploymentPostprocessing = 0;
		};
/* End PBXFrameworksBuildPhase section */

/* Begin PBXGroup section */
		03F0F385DC770BDB1706908B /* Pods */ = {
			isa = PBXGroup;
			children = (
				58EBBF8949AC9A242226443B /* Pods-TwitterClone.debug.xcconfig */,
				6D80C58A65A260F2E177CAB3 /* Pods-TwitterClone.release.xcconfig */,
			);
			path = Pods;
			sourceTree = "<group>";
		};
		51C26063B308B2F98932DBA2 /* Frameworks */ = {
			isa = PBXGroup;
			children = (
				B0AEDCCE2B206B8E45364895 /* Pods_TwitterClone.framework */,
			);
			name = Frameworks;
			sourceTree = "<group>";
		};
		8597C17129AF61F500C1A966 = {
			isa = PBXGroup;
			children = (
				8597C17C29AF61F500C1A966 /* TwitterClone */,
				8597C17B29AF61F500C1A966 /* Products */,
				03F0F385DC770BDB1706908B /* Pods */,
				51C26063B308B2F98932DBA2 /* Frameworks */,
			);
			sourceTree = "<group>";
		};
		8597C17B29AF61F500C1A966 /* Products */ = {
			isa = PBXGroup;
			children = (
				8597C17A29AF61F500C1A966 /* TwitterClone.app */,
			);
			name = Products;
			sourceTree = "<group>";
		};
		8597C17C29AF61F500C1A966 /* TwitterClone */ = {
			isa = PBXGroup;
			children = (
				8597C19729AF623C00C1A966 /* View */,
				8597C19629AF623B00C1A966 /* Controller */,
				8597C19529AF623800C1A966 /* ViewModel */,
				8597C19429AF623600C1A966 /* API */,
				8597C19229AF622F00C1A966 /* Utils */,
				8597C19129AF622500C1A966 /* Model */,
				8597C17D29AF61F500C1A966 /* AppDelegate.swift */,
				8597C17F29AF61F500C1A966 /* SceneDelegate.swift */,
				8597C18329AF61F500C1A966 /* Main.storyboard */,
				8597C18829AF61F600C1A966 /* LaunchScreen.storyboard */,
				8597C18B29AF61F600C1A966 /* Info.plist */,
				8527D37C29B1D7CF007E16B1 /* Assets 20.35.28.xcassets */,
				85CE238829B0A43E008B7725 /* GoogleService-Info.plist */,
			);
			path = TwitterClone;
			sourceTree = "<group>";
		};
		8597C19129AF622500C1A966 /* Model */ = {
			isa = PBXGroup;
			children = (
				85CE239029B0CE87008B7725 /* User.swift */,
				8527D37829B1CBDD007E16B1 /* Tweet.swift */,
			);
			path = Model;
			sourceTree = "<group>";
		};
		8597C19229AF622F00C1A966 /* Utils */ = {
			isa = PBXGroup;
			children = (
				8597C1A429AF6D4000C1A966 /* Extensions.swift */,
				8597C1AB29AFA08400C1A966 /* Utilities.swift */,
				85CE238A29B0AB19008B7725 /* Constants.swift */,
			);
			path = Utils;
			sourceTree = "<group>";
		};
		8597C19429AF623600C1A966 /* API */ = {
			isa = PBXGroup;
			children = (
				85CE238C29B0BAE4008B7725 /* AuthService.swift */,
				85CE238E29B0CA7F008B7725 /* UserService.swift */,
				85CE239629B0E869008B7725 /* TweetService.swift */,
			);
			path = API;
			sourceTree = "<group>";
		};
		8597C19529AF623800C1A966 /* ViewModel */ = {
			isa = PBXGroup;
			children = (
				8527D37E29B1E3CC007E16B1 /* TweetViewModel.swift */,
			);
			path = ViewModel;
			sourceTree = "<group>";
		};
		8597C19629AF623B00C1A966 /* Controller */ = {
			isa = PBXGroup;
			children = (
				8597C1A629AF733800C1A966 /* Auth */,
				8597C19829AF631B00C1A966 /* MainTabController.swift */,
				8597C19A29AF644E00C1A966 /* FeedController.swift */,
				8597C19C29AF648100C1A966 /* ExploreController.swift */,
				8597C19E29AF648A00C1A966 /* NotificationsController.swift */,
				8597C1A029AF649900C1A966 /* ChatController.swift */,
				85CE239229B0D881008B7725 /* UploadTweetController.swift */,
				8527D38029B1EB3B007E16B1 /* ProfileController.swift */,
			);
			path = Controller;
			sourceTree = "<group>";
		};
		8597C19729AF623C00C1A966 /* View */ = {
			isa = PBXGroup;
			children = (
				85CE239429B0E3A2008B7725 /* CaptionTextView.swift */,
				8527D37A29B1D199007E16B1 /* TweetCell.swift */,
				8527D38229B1F34F007E16B1 /* ProfileHeader.swift */,
			);
			path = View;
			sourceTree = "<group>";
		};
		8597C1A629AF733800C1A966 /* Auth */ = {
			isa = PBXGroup;
			children = (
				8597C1A729AF735500C1A966 /* LoginController.swift */,
				8597C1A929AF73A800C1A966 /* RegistrationController.swift */,
			);
			path = Auth;
			sourceTree = "<group>";
		};
/* End PBXGroup section */

/* Begin PBXNativeTarget section */
		8597C17929AF61F500C1A966 /* TwitterClone */ = {
			isa = PBXNativeTarget;
			buildConfigurationList = 8597C18E29AF61F600C1A966 /* Build configuration list for PBXNativeTarget "TwitterClone" */;
			buildPhases = (
				BADBC2F73B85BA12FAF6EE1A /* [CP] Check Pods Manifest.lock */,
				8597C17629AF61F500C1A966 /* Sources */,
				8597C17729AF61F500C1A966 /* Frameworks */,
				8597C17829AF61F500C1A966 /* Resources */,
				58BE13E9A4684F4D7B07AF59 /* [CP] Embed Pods Frameworks */,
			);
			buildRules = (
			);
			dependencies = (
			);
			name = TwitterClone;
			productName = TwitterClone;
			productReference = 8597C17A29AF61F500C1A966 /* TwitterClone.app */;
			productType = "com.apple.product-type.application";
		};
/* End PBXNativeTarget section */

/* Begin PBXProject section */
		8597C17229AF61F500C1A966 /* Project object */ = {
			isa = PBXProject;
			attributes = {
				BuildIndependentTargetsInParallel = 1;
				LastSwiftUpdateCheck = 1420;
				LastUpgradeCheck = 1420;
				TargetAttributes = {
					8597C17929AF61F500C1A966 = {
						CreatedOnToolsVersion = 14.2;
					};
				};
			};
			buildConfigurationList = 8597C17529AF61F500C1A966 /* Build configuration list for PBXProject "TwitterClone" */;
			compatibilityVersion = "Xcode 14.0";
			developmentRegion = en;
			hasScannedForEncodings = 0;
			knownRegions = (
				en,
				Base,
			);
			mainGroup = 8597C17129AF61F500C1A966;
			productRefGroup = 8597C17B29AF61F500C1A966 /* Products */;
			projectDirPath = "";
			projectRoot = "";
			targets = (
				8597C17929AF61F500C1A966 /* TwitterClone */,
			);
		};
/* End PBXProject section */

/* Begin PBXResourcesBuildPhase section */
		8597C17829AF61F500C1A966 /* Resources */ = {
			isa = PBXResourcesBuildPhase;
			buildActionMask = 2147483647;
			files = (
				8597C18A29AF61F600C1A966 /* LaunchScreen.storyboard in Resources */,
				85CE238929B0A43E008B7725 /* GoogleService-Info.plist in Resources */,
				8597C18529AF61F500C1A966 /* Main.storyboard in Resources */,
				8527D37D29B1D7CF007E16B1 /* Assets 20.35.28.xcassets in Resources */,
			);
			runOnlyForDeploymentPostprocessing = 0;
		};
/* End PBXResourcesBuildPhase section */

/* Begin PBXShellScriptBuildPhase section */
		58BE13E9A4684F4D7B07AF59 /* [CP] Embed Pods Frameworks */ = {
			isa = PBXShellScriptBuildPhase;
			buildActionMask = 2147483647;
			files = (
			);
			inputFileListPaths = (
				"${PODS_ROOT}/Target Support Files/Pods-TwitterClone/Pods-TwitterClone-frameworks-${CONFIGURATION}-input-files.xcfilelist",
			);
			name = "[CP] Embed Pods Frameworks";
			outputFileListPaths = (
				"${PODS_ROOT}/Target Support Files/Pods-TwitterClone/Pods-TwitterClone-frameworks-${CONFIGURATION}-output-files.xcfilelist",
			);
			runOnlyForDeploymentPostprocessing = 0;
			shellPath = /bin/sh;
			shellScript = "\"${PODS_ROOT}/Target Support Files/Pods-TwitterClone/Pods-TwitterClone-frameworks.sh\"\n";
			showEnvVarsInLog = 0;
		};
		BADBC2F73B85BA12FAF6EE1A /* [CP] Check Pods Manifest.lock */ = {
			isa = PBXShellScriptBuildPhase;
			buildActionMask = 2147483647;
			files = (
			);
			inputFileListPaths = (
			);
			inputPaths = (
				"${PODS_PODFILE_DIR_PATH}/Podfile.lock",
				"${PODS_ROOT}/Manifest.lock",
			);
			name = "[CP] Check Pods Manifest.lock";
			outputFileListPaths = (
			);
			outputPaths = (
				"$(DERIVED_FILE_DIR)/Pods-TwitterClone-checkManifestLockResult.txt",
			);
			runOnlyForDeploymentPostprocessing = 0;
			shellPath = /bin/sh;
			shellScript = "diff \"${PODS_PODFILE_DIR_PATH}/Podfile.lock\" \"${PODS_ROOT}/Manifest.lock\" > /dev/null\nif [ $? != 0 ] ; then\n    # print error to STDERR\n    echo \"error: The sandbox is not in sync with the Podfile.lock. Run 'pod install' or update your CocoaPods installation.\" >&2\n    exit 1\nfi\n# This output is used by Xcode 'outputs' to avoid re-running this script phase.\necho \"SUCCESS\" > \"${SCRIPT_OUTPUT_FILE_0}\"\n";
			showEnvVarsInLog = 0;
		};
/* End PBXShellScriptBuildPhase section */

/* Begin PBXSourcesBuildPhase section */
		8597C17629AF61F500C1A966 /* Sources */ = {
			isa = PBXSourcesBuildPhase;
			buildActionMask = 2147483647;
			files = (
				85CE238F29B0CA7F008B7725 /* UserService.swift in Sources */,
				8597C19F29AF648A00C1A966 /* NotificationsController.swift in Sources */,
				85CE239529B0E3A2008B7725 /* CaptionTextView.swift in Sources */,
				8597C17E29AF61F500C1A966 /* AppDelegate.swift in Sources */,
				8597C1AC29AFA08400C1A966 /* Utilities.swift in Sources */,
				8597C1A129AF649900C1A966 /* ChatController.swift in Sources */,
				8597C1A529AF6D4000C1A966 /* Extensions.swift in Sources */,
				8527D38129B1EB3B007E16B1 /* ProfileController.swift in Sources */,
				8527D38329B1F34F007E16B1 /* ProfileHeader.swift in Sources */,
				8527D37B29B1D199007E16B1 /* TweetCell.swift in Sources */,
				8597C1A829AF735500C1A966 /* LoginController.swift in Sources */,
				85CE238D29B0BAE4008B7725 /* AuthService.swift in Sources */,
				85CE239329B0D881008B7725 /* UploadTweetController.swift in Sources */,
				85CE239129B0CE87008B7725 /* User.swift in Sources */,
				8597C19D29AF648100C1A966 /* ExploreController.swift in Sources */,
				8597C18029AF61F500C1A966 /* SceneDelegate.swift in Sources */,
				8597C19929AF631B00C1A966 /* MainTabController.swift in Sources */,
				8527D37F29B1E3CC007E16B1 /* TweetViewModel.swift in Sources */,
				8597C1AA29AF73A800C1A966 /* RegistrationController.swift in Sources */,
				8597C19B29AF644E00C1A966 /* FeedController.swift in Sources */,
				85CE238B29B0AB19008B7725 /* Constants.swift in Sources */,
				8527D37929B1CBDD007E16B1 /* Tweet.swift in Sources */,
				85CE239729B0E869008B7725 /* TweetService.swift in Sources */,
			);
			runOnlyForDeploymentPostprocessing = 0;
		};
/* End PBXSourcesBuildPhase section */

/* Begin PBXVariantGroup section */
		8597C18329AF61F500C1A966 /* Main.storyboard */ = {
			isa = PBXVariantGroup;
			children = (
				8597C18429AF61F500C1A966 /* Base */,
			);
			name = Main.storyboard;
			sourceTree = "<group>";
		};
		8597C18829AF61F600C1A966 /* LaunchScreen.storyboard */ = {
			isa = PBXVariantGroup;
			children = (
				8597C18929AF61F600C1A966 /* Base */,
			);
			name = LaunchScreen.storyboard;
			sourceTree = "<group>";
		};
/* End PBXVariantGroup section */

/* Begin XCBuildConfiguration section */
		8597C18C29AF61F600C1A966 /* Debug */ = {
			isa = XCBuildConfiguration;
			buildSettings = {
				ALWAYS_SEARCH_USER_PATHS = NO;
				CLANG_ANALYZER_NONNULL = YES;
				CLANG_ANALYZER_NUMBER_OBJECT_CONVERSION = YES_AGGRESSIVE;
				CLANG_CXX_LANGUAGE_STANDARD = "gnu++20";
				CLANG_ENABLE_MODULES = YES;
				CLANG_ENABLE_OBJC_ARC = YES;
				CLANG_ENABLE_OBJC_WEAK = YES;
				CLANG_WARN_BLOCK_CAPTURE_AUTORELEASING = YES;
				CLANG_WARN_BOOL_CONVERSION = YES;
				CLANG_WARN_COMMA = YES;
				CLANG_WARN_CONSTANT_CONVERSION = YES;
				CLANG_WARN_DEPRECATED_OBJC_IMPLEMENTATIONS = YES;
				CLANG_WARN_DIRECT_OBJC_ISA_USAGE = YES_ERROR;
				CLANG_WARN_DOCUMENTATION_COMMENTS = YES;
				CLANG_WARN_EMPTY_BODY = YES;
				CLANG_WARN_ENUM_CONVERSION = YES;
				CLANG_WARN_INFINITE_RECURSION = YES;
				CLANG_WARN_INT_CONVERSION = YES;
				CLANG_WARN_NON_LITERAL_NULL_CONVERSION = YES;
				CLANG_WARN_OBJC_IMPLICIT_RETAIN_SELF = YES;
				CLANG_WARN_OBJC_LITERAL_CONVERSION = YES;
				CLANG_WARN_OBJC_ROOT_CLASS = YES_ERROR;
				CLANG_WARN_QUOTED_INCLUDE_IN_FRAMEWORK_HEADER = YES;
				CLANG_WARN_RANGE_LOOP_ANALYSIS = YES;
				CLANG_WARN_STRICT_PROTOTYPES = YES;
				CLANG_WARN_SUSPICIOUS_MOVE = YES;
				CLANG_WARN_UNGUARDED_AVAILABILITY = YES_AGGRESSIVE;
				CLANG_WARN_UNREACHABLE_CODE = YES;
				CLANG_WARN__DUPLICATE_METHOD_MATCH = YES;
				COPY_PHASE_STRIP = NO;
				DEBUG_INFORMATION_FORMAT = dwarf;
				ENABLE_STRICT_OBJC_MSGSEND = YES;
				ENABLE_TESTABILITY = YES;
				GCC_C_LANGUAGE_STANDARD = gnu11;
				GCC_DYNAMIC_NO_PIC = NO;
				GCC_NO_COMMON_BLOCKS = YES;
				GCC_OPTIMIZATION_LEVEL = 0;
				GCC_PREPROCESSOR_DEFINITIONS = (
					"DEBUG=1",
					"$(inherited)",
				);
				GCC_WARN_64_TO_32_BIT_CONVERSION = YES;
				GCC_WARN_ABOUT_RETURN_TYPE = YES_ERROR;
				GCC_WARN_UNDECLARED_SELECTOR = YES;
				GCC_WARN_UNINITIALIZED_AUTOS = YES_AGGRESSIVE;
				GCC_WARN_UNUSED_FUNCTION = YES;
				GCC_WARN_UNUSED_VARIABLE = YES;
				IPHONEOS_DEPLOYMENT_TARGET = 16.2;
				MTL_ENABLE_DEBUG_INFO = INCLUDE_SOURCE;
				MTL_FAST_MATH = YES;
				ONLY_ACTIVE_ARCH = YES;
				SDKROOT = iphoneos;
				SWIFT_ACTIVE_COMPILATION_CONDITIONS = DEBUG;
				SWIFT_OPTIMIZATION_LEVEL = "-Onone";
			};
			name = Debug;
		};
		8597C18D29AF61F600C1A966 /* Release */ = {
			isa = XCBuildConfiguration;
			buildSettings = {
				ALWAYS_SEARCH_USER_PATHS = NO;
				CLANG_ANALYZER_NONNULL = YES;
				CLANG_ANALYZER_NUMBER_OBJECT_CONVERSION = YES_AGGRESSIVE;
				CLANG_CXX_LANGUAGE_STANDARD = "gnu++20";
				CLANG_ENABLE_MODULES = YES;
				CLANG_ENABLE_OBJC_ARC = YES;
				CLANG_ENABLE_OBJC_WEAK = YES;
				CLANG_WARN_BLOCK_CAPTURE_AUTORELEASING = YES;
				CLANG_WARN_BOOL_CONVERSION = YES;
				CLANG_WARN_COMMA = YES;
				CLANG_WARN_CONSTANT_CONVERSION = YES;
				CLANG_WARN_DEPRECATED_OBJC_IMPLEMENTATIONS = YES;
				CLANG_WARN_DIRECT_OBJC_ISA_USAGE = YES_ERROR;
				CLANG_WARN_DOCUMENTATION_COMMENTS = YES;
				CLANG_WARN_EMPTY_BODY = YES;
				CLANG_WARN_ENUM_CONVERSION = YES;
				CLANG_WARN_INFINITE_RECURSION = YES;
				CLANG_WARN_INT_CONVERSION = YES;
				CLANG_WARN_NON_LITERAL_NULL_CONVERSION = YES;
				CLANG_WARN_OBJC_IMPLICIT_RETAIN_SELF = YES;
				CLANG_WARN_OBJC_LITERAL_CONVERSION = YES;
				CLANG_WARN_OBJC_ROOT_CLASS = YES_ERROR;
				CLANG_WARN_QUOTED_INCLUDE_IN_FRAMEWORK_HEADER = YES;
				CLANG_WARN_RANGE_LOOP_ANALYSIS = YES;
				CLANG_WARN_STRICT_PROTOTYPES = YES;
				CLANG_WARN_SUSPICIOUS_MOVE = YES;
				CLANG_WARN_UNGUARDED_AVAILABILITY = YES_AGGRESSIVE;
				CLANG_WARN_UNREACHABLE_CODE = YES;
				CLANG_WARN__DUPLICATE_METHOD_MATCH = YES;
				COPY_PHASE_STRIP = NO;
				DEBUG_INFORMATION_FORMAT = "dwarf-with-dsym";
				ENABLE_NS_ASSERTIONS = NO;
				ENABLE_STRICT_OBJC_MSGSEND = YES;
				GCC_C_LANGUAGE_STANDARD = gnu11;
				GCC_NO_COMMON_BLOCKS = YES;
				GCC_WARN_64_TO_32_BIT_CONVERSION = YES;
				GCC_WARN_ABOUT_RETURN_TYPE = YES_ERROR;
				GCC_WARN_UNDECLARED_SELECTOR = YES;
				GCC_WARN_UNINITIALIZED_AUTOS = YES_AGGRESSIVE;
				GCC_WARN_UNUSED_FUNCTION = YES;
				GCC_WARN_UNUSED_VARIABLE = YES;
				IPHONEOS_DEPLOYMENT_TARGET = 16.2;
				MTL_ENABLE_DEBUG_INFO = NO;
				MTL_FAST_MATH = YES;
				SDKROOT = iphoneos;
				SWIFT_COMPILATION_MODE = wholemodule;
				SWIFT_OPTIMIZATION_LEVEL = "-O";
				VALIDATE_PRODUCT = YES;
			};
			name = Release;
		};
		8597C18F29AF61F600C1A966 /* Debug */ = {
			isa = XCBuildConfiguration;
			baseConfigurationReference = 58EBBF8949AC9A242226443B /* Pods-TwitterClone.debug.xcconfig */;
			buildSettings = {
				ASSETCATALOG_COMPILER_APPICON_NAME = AppIcon;
				ASSETCATALOG_COMPILER_GLOBAL_ACCENT_COLOR_NAME = AccentColor;
				CODE_SIGN_STYLE = Automatic;
				CURRENT_PROJECT_VERSION = 1;
				DEVELOPMENT_TEAM = PNL8X2N9J2;
				GENERATE_INFOPLIST_FILE = YES;
				INFOPLIST_FILE = TwitterClone/Info.plist;
				INFOPLIST_KEY_UIApplicationSupportsIndirectInputEvents = YES;
				INFOPLIST_KEY_UILaunchStoryboardName = LaunchScreen;
				INFOPLIST_KEY_UIMainStoryboardFile = Main;
				INFOPLIST_KEY_UISupportedInterfaceOrientations_iPad = "UIInterfaceOrientationPortrait UIInterfaceOrientationPortraitUpsideDown UIInterfaceOrientationLandscapeLeft UIInterfaceOrientationLandscapeRight";
				INFOPLIST_KEY_UISupportedInterfaceOrientations_iPhone = "UIInterfaceOrientationPortrait UIInterfaceOrientationLandscapeLeft UIInterfaceOrientationLandscapeRight";
				LD_RUNPATH_SEARCH_PATHS = (
					"$(inherited)",
					"@executable_path/Frameworks",
				);
				MARKETING_VERSION = 1.0;
				PRODUCT_BUNDLE_IDENTIFIER = com.vladimiroff.TwitterClone;
				PRODUCT_NAME = "$(TARGET_NAME)";
				SWIFT_EMIT_LOC_STRINGS = YES;
				SWIFT_VERSION = 5.0;
				TARGETED_DEVICE_FAMILY = "1,2";
			};
			name = Debug;
		};
		8597C19029AF61F600C1A966 /* Release */ = {
			isa = XCBuildConfiguration;
			baseConfigurationReference = 6D80C58A65A260F2E177CAB3 /* Pods-TwitterClone.release.xcconfig */;
			buildSettings = {
				ASSETCATALOG_COMPILER_APPICON_NAME = AppIcon;
				ASSETCATALOG_COMPILER_GLOBAL_ACCENT_COLOR_NAME = AccentColor;
				CODE_SIGN_STYLE = Automatic;
				CURRENT_PROJECT_VERSION = 1;
				DEVELOPMENT_TEAM = PNL8X2N9J2;
				GENERATE_INFOPLIST_FILE = YES;
				INFOPLIST_FILE = TwitterClone/Info.plist;
				INFOPLIST_KEY_UIApplicationSupportsIndirectInputEvents = YES;
				INFOPLIST_KEY_UILaunchStoryboardName = LaunchScreen;
				INFOPLIST_KEY_UIMainStoryboardFile = Main;
				INFOPLIST_KEY_UISupportedInterfaceOrientations_iPad = "UIInterfaceOrientationPortrait UIInterfaceOrientationPortraitUpsideDown UIInterfaceOrientationLandscapeLeft UIInterfaceOrientationLandscapeRight";
				INFOPLIST_KEY_UISupportedInterfaceOrientations_iPhone = "UIInterfaceOrientationPortrait UIInterfaceOrientationLandscapeLeft UIInterfaceOrientationLandscapeRight";
				LD_RUNPATH_SEARCH_PATHS = (
					"$(inherited)",
					"@executable_path/Frameworks",
				);
				MARKETING_VERSION = 1.0;
				PRODUCT_BUNDLE_IDENTIFIER = com.vladimiroff.TwitterClone;
				PRODUCT_NAME = "$(TARGET_NAME)";
				SWIFT_EMIT_LOC_STRINGS = YES;
				SWIFT_VERSION = 5.0;
				TARGETED_DEVICE_FAMILY = "1,2";
			};
			name = Release;
		};
/* End XCBuildConfiguration section */

/* Begin XCConfigurationList section */
		8597C17529AF61F500C1A966 /* Build configuration list for PBXProject "TwitterClone" */ = {
			isa = XCConfigurationList;
			buildConfigurations = (
				8597C18C29AF61F600C1A966 /* Debug */,
				8597C18D29AF61F600C1A966 /* Release */,
			);
			defaultConfigurationIsVisible = 0;
			defaultConfigurationName = Release;
		};
		8597C18E29AF61F600C1A966 /* Build configuration list for PBXNativeTarget "TwitterClone" */ = {
			isa = XCConfigurationList;
			buildConfigurations = (
				8597C18F29AF61F600C1A966 /* Debug */,
				8597C19029AF61F600C1A966 /* Release */,
			);
			defaultConfigurationIsVisible = 0;
			defaultConfigurationName = Release;
		};
/* End XCConfigurationList section */
	};
	rootObject = 8597C17229AF61F500C1A966 /* Project object */;
}
